Microsoft Visual Studio Solution File, Format Version 10.00
# Visual Studio 2008
Project("{8BC9CEB8-8B4A-11D0-8D11-00A0C91BC942}") = "doubledouble", "..\doubledouble\doubledouble.vcproj", "{97D3BB2B-29AB-4306-ACFA-0D4F41A3CE50}"
EndProject
Project("{8BC9CEB8-8B4A-11D0-8D11-00A0C91BC942}") = "fxcalc", "fxcalc.vcproj", "{53E30BB8-C984-4918-A09E-D4E19FC02329}"
	ProjectSection(ProjectDependencies) = postProject
		{97D3BB2B-29AB-4306-ACFA-0D4F41A3CE50} = {97D3BB2B-29AB-4306-ACFA-0D4F41A3CE50}
	EndProjectSection
EndProject
Global
	GlobalSection(SolutionConfigurationPlatforms) = preSolution
		Debug|Win32 = Debug|Win32
		Release|Win32 = Release|Win32
	EndGlobalSection
	GlobalSection(ProjectConfigurationPlatforms) = postSolution
		{97D3BB2B-29AB-4306-ACFA-0D4F41A3CE50}.Debug|Win32.ActiveCfg = Debug|Win32
		{97D3BB2B-29AB-4306-ACFA-0D4F41A3CE50}.Debug|Win32.Build.0 = Debug|Win32
		{97D3BB2B-29AB-4306-ACFA-0D4F41A3CE50}.Release|Win32.ActiveCfg = Release|Win32
		{97D3BB2B-29AB-4306-ACFA-0D4F41A3CE50}.Release|Win32.Build.0 = Release|Win32
		{53E30BB8-C984-4918-A09E-D4E19FC02329}.Debug|Win32.ActiveCfg = Debug|Win32
		{53E30BB8-C984-4918-A09E-D4E19FC02329}.Debug|Win32.Build.0 = Debug|Win32
		{53E30BB8-C984-4918-A09E-D4E19FC02329}.Release|Win32.ActiveCfg = Release|Win32
		{53E30BB8-C984-4918-A09E-D4E19FC02329}.Release|Win32.Build.0 = Release|Win32
	EndGlobalSection
	GlobalSection(SolutionProperties) = preSolution
		HideSolutionNode = FALSE
	EndGlobalSection
EndGlobal
